// !$*UTF8*$!
{
	archiveVersion = 1;
	classes = {
	};
	objectVersion = 46;
	objects = {

/* Begin PBXBuildFile section */
		4031F1EA18FC9D40006D7BB5 /* Foundation.framework in Frameworks */ = {isa = PBXBuildFile; fileRef = 4031F1E918FC9D40006D7BB5 /* Foundation.framework */; };
		4031F1EC18FC9D40006D7BB5 /* CoreGraphics.framework in Frameworks */ = {isa = PBXBuildFile; fileRef = 4031F1EB18FC9D40006D7BB5 /* CoreGraphics.framework */; };
		4031F1EE18FC9D40006D7BB5 /* UIKit.framework in Frameworks */ = {isa = PBXBuildFile; fileRef = 4031F1ED18FC9D40006D7BB5 /* UIKit.framework */; };
		4031F1F418FC9D40006D7BB5 /* InfoPlist.strings in Resources */ = {isa = PBXBuildFile; fileRef = 4031F1F218FC9D40006D7BB5 /* InfoPlist.strings */; };
		4031F1F618FC9D40006D7BB5 /* main.m in Sources */ = {isa = PBXBuildFile; fileRef = 4031F1F518FC9D40006D7BB5 /* main.m */; };
		4031F1FA18FC9D40006D7BB5 /* SPAppDelegate.m in Sources */ = {isa = PBXBuildFile; fileRef = 4031F1F918FC9D40006D7BB5 /* SPAppDelegate.m */; };
		4031F20218FC9D40006D7BB5 /* Images.xcassets in Resources */ = {isa = PBXBuildFile; fileRef = 4031F20118FC9D40006D7BB5 /* Images.xcassets */; };
		4031F22118FC9E9D006D7BB5 /* SPViewController.m in Sources */ = {isa = PBXBuildFile; fileRef = 4031F21F18FC9E9D006D7BB5 /* SPViewController.m */; };
		4031F22218FC9E9D006D7BB5 /* SPViewController.xib in Resources */ = {isa = PBXBuildFile; fileRef = 4031F22018FC9E9D006D7BB5 /* SPViewController.xib */; };
		4031F22818FC9EE8006D7BB5 /* SPHorizontalSwipeInteractionController.m in Sources */ = {isa = PBXBuildFile; fileRef = 4031F22518FC9EE8006D7BB5 /* SPHorizontalSwipeInteractionController.m */; };
		4031F22918FC9EE8006D7BB5 /* SPPopAnimationController.m in Sources */ = {isa = PBXBuildFile; fileRef = 4031F22718FC9EE8006D7BB5 /* SPPopAnimationController.m */; };
		4072A63118FDEF4F00CFAD75 /* SPInteractivePopNavigationController.m in Sources */ = {isa = PBXBuildFile; fileRef = 4072A63018FDEF4F00CFAD75 /* SPInteractivePopNavigationController.m */; };
		4072A63718FDF58000CFAD75 /* UIColor+SPRandomColor.m in Sources */ = {isa = PBXBuildFile; fileRef = 4072A63618FDF58000CFAD75 /* UIColor+SPRandomColor.m */; };
		4088EC7A19C304A7002EC4C3 /* SPVerticalSwipeInteractionController.m in Sources */ = {isa = PBXBuildFile; fileRef = 4088EC7919C304A7002EC4C3 /* SPVerticalSwipeInteractionController.m */; };
		4088EC7D19C30552002EC4C3 /* SPModalAnimationController.m in Sources */ = {isa = PBXBuildFile; fileRef = 4088EC7C19C30552002EC4C3 /* SPModalAnimationController.m */; };
		4088EC8019C306DF002EC4C3 /* SPInteractiveDismissTransitionDelegate.m in Sources */ = {isa = PBXBuildFile; fileRef = 4088EC7F19C306DF002EC4C3 /* SPInteractiveDismissTransitionDelegate.m */; };
		4088EC8319C308D2002EC4C3 /* SPInteractiveDismissViewController.m in Sources */ = {isa = PBXBuildFile; fileRef = 4088EC8219C308D2002EC4C3 /* SPInteractiveDismissViewController.m */; };
		4088EC8719C30FE4002EC4C3 /* SPDismissableViewController.m in Sources */ = {isa = PBXBuildFile; fileRef = 4088EC8519C30FE4002EC4C3 /* SPDismissableViewController.m */; };
		4088EC8819C30FE4002EC4C3 /* SPDismissableViewController.xib in Resources */ = {isa = PBXBuildFile; fileRef = 4088EC8619C30FE4002EC4C3 /* SPDismissableViewController.xib */; };
		4088EC8E19C3122D002EC4C3 /* SPInteractiveDismissNavigationController.m in Sources */ = {isa = PBXBuildFile; fileRef = 4088EC8D19C3122D002EC4C3 /* SPInteractiveDismissNavigationController.m */; };
/* End PBXBuildFile section */

/* Begin PBXFileReference section */
		4031F1E618FC9D40006D7BB5 /* SPInteractivePopNavigationControllerExample.app */ = {isa = PBXFileReference; explicitFileType = wrapper.application; includeInIndex = 0; path = SPInteractivePopNavigationControllerExample.app; sourceTree = BUILT_PRODUCTS_DIR; };
		4031F1E918FC9D40006D7BB5 /* Foundation.framework */ = {isa = PBXFileReference; lastKnownFileType = wrapper.framework; name = Foundation.framework; path = System/Library/Frameworks/Foundation.framework; sourceTree = SDKROOT; };
		4031F1EB18FC9D40006D7BB5 /* CoreGraphics.framework */ = {isa = PBXFileReference; lastKnownFileType = wrapper.framework; name = CoreGraphics.framework; path = System/Library/Frameworks/CoreGraphics.framework; sourceTree = SDKROOT; };
		4031F1ED18FC9D40006D7BB5 /* UIKit.framework */ = {isa = PBXFileReference; lastKnownFileType = wrapper.framework; name = UIKit.framework; path = System/Library/Frameworks/UIKit.framework; sourceTree = SDKROOT; };
		4031F1F118FC9D40006D7BB5 /* SPInteractivePopNavigationControllerExample-Info.plist */ = {isa = PBXFileReference; lastKnownFileType = text.plist.xml; path = "SPInteractivePopNavigationControllerExample-Info.plist"; sourceTree = "<group>"; };
		4031F1F318FC9D40006D7BB5 /* en */ = {isa = PBXFileReference; lastKnownFileType = text.plist.strings; name = en; path = en.lproj/InfoPlist.strings; sourceTree = "<group>"; };
		4031F1F518FC9D40006D7BB5 /* main.m */ = {isa = PBXFileReference; lastKnownFileType = sourcecode.c.objc; path = main.m; sourceTree = "<group>"; };
		4031F1F718FC9D40006D7BB5 /* SPInteractivePopNavigationControllerExample-Prefix.pch */ = {isa = PBXFileReference; lastKnownFileType = sourcecode.c.h; path = "SPInteractivePopNavigationControllerExample-Prefix.pch"; sourceTree = "<group>"; };
		4031F1F818FC9D40006D7BB5 /* SPAppDelegate.h */ = {isa = PBXFileReference; lastKnownFileType = sourcecode.c.h; path = SPAppDelegate.h; sourceTree = "<group>"; };
		4031F1F918FC9D40006D7BB5 /* SPAppDelegate.m */ = {isa = PBXFileReference; lastKnownFileType = sourcecode.c.objc; path = SPAppDelegate.m; sourceTree = "<group>"; };
		4031F20118FC9D40006D7BB5 /* Images.xcassets */ = {isa = PBXFileReference; lastKnownFileType = folder.assetcatalog; path = Images.xcassets; sourceTree = "<group>"; };
		4031F20818FC9D40006D7BB5 /* XCTest.framework */ = {isa = PBXFileReference; lastKnownFileType = wrapper.framework; name = XCTest.framework; path = Library/Frameworks/XCTest.framework; sourceTree = DEVELOPER_DIR; };
		4031F21E18FC9E9D006D7BB5 /* SPViewController.h */ = {isa = PBXFileReference; fileEncoding = 4; lastKnownFileType = sourcecode.c.h; path = SPViewController.h; sourceTree = "<group>"; };
		4031F21F18FC9E9D006D7BB5 /* SPViewController.m */ = {isa = PBXFileReference; fileEncoding = 4; lastKnownFileType = sourcecode.c.objc; path = SPViewController.m; sourceTree = "<group>"; };
		4031F22018FC9E9D006D7BB5 /* SPViewController.xib */ = {isa = PBXFileReference; fileEncoding = 4; lastKnownFileType = file.xib; path = SPViewController.xib; sourceTree = "<group>"; };
		4031F22418FC9EE8006D7BB5 /* SPHorizontalSwipeInteractionController.h */ = {isa = PBXFileReference; fileEncoding = 4; lastKnownFileType = sourcecode.c.h; path = SPHorizontalSwipeInteractionController.h; sourceTree = "<group>"; };
		4031F22518FC9EE8006D7BB5 /* SPHorizontalSwipeInteractionController.m */ = {isa = PBXFileReference; fileEncoding = 4; lastKnownFileType = sourcecode.c.objc; path = SPHorizontalSwipeInteractionController.m; sourceTree = "<group>"; };
		4031F22618FC9EE8006D7BB5 /* SPPopAnimationController.h */ = {isa = PBXFileReference; fileEncoding = 4; lastKnownFileType = sourcecode.c.h; path = SPPopAnimationController.h; sourceTree = "<group>"; };
		4031F22718FC9EE8006D7BB5 /* SPPopAnimationController.m */ = {isa = PBXFileReference; fileEncoding = 4; lastKnownFileType = sourcecode.c.objc; path = SPPopAnimationController.m; sourceTree = "<group>"; };
		4072A62F18FDEF4F00CFAD75 /* SPInteractivePopNavigationController.h */ = {isa = PBXFileReference; fileEncoding = 4; lastKnownFileType = sourcecode.c.h; path = SPInteractivePopNavigationController.h; sourceTree = "<group>"; };
		4072A63018FDEF4F00CFAD75 /* SPInteractivePopNavigationController.m */ = {isa = PBXFileReference; fileEncoding = 4; lastKnownFileType = sourcecode.c.objc; path = SPInteractivePopNavigationController.m; sourceTree = "<group>"; };
		4072A63518FDF58000CFAD75 /* UIColor+SPRandomColor.h */ = {isa = PBXFileReference; fileEncoding = 4; lastKnownFileType = sourcecode.c.h; path = "UIColor+SPRandomColor.h"; sourceTree = "<group>"; };
		4072A63618FDF58000CFAD75 /* UIColor+SPRandomColor.m */ = {isa = PBXFileReference; fileEncoding = 4; lastKnownFileType = sourcecode.c.objc; path = "UIColor+SPRandomColor.m"; sourceTree = "<group>"; };
		4088EC7819C304A7002EC4C3 /* SPVerticalSwipeInteractionController.h */ = {isa = PBXFileReference; fileEncoding = 4; lastKnownFileType = sourcecode.c.h; path = SPVerticalSwipeInteractionController.h; sourceTree = "<group>"; };
		4088EC7919C304A7002EC4C3 /* SPVerticalSwipeInteractionController.m */ = {isa = PBXFileReference; fileEncoding = 4; lastKnownFileType = sourcecode.c.objc; path = SPVerticalSwipeInteractionController.m; sourceTree = "<group>"; };
		4088EC7B19C30552002EC4C3 /* SPModalAnimationController.h */ = {isa = PBXFileReference; fileEncoding = 4; lastKnownFileType = sourcecode.c.h; path = SPModalAnimationController.h; sourceTree = "<group>"; };
		4088EC7C19C30552002EC4C3 /* SPModalAnimationController.m */ = {isa = PBXFileReference; fileEncoding = 4; lastKnownFileType = sourcecode.c.objc; path = SPModalAnimationController.m; sourceTree = "<group>"; };
		4088EC7E19C306DF002EC4C3 /* SPInteractiveDismissTransitionDelegate.h */ = {isa = PBXFileReference; fileEncoding = 4; lastKnownFileType = sourcecode.c.h; path = SPInteractiveDismissTransitionDelegate.h; sourceTree = "<group>"; };
		4088EC7F19C306DF002EC4C3 /* SPInteractiveDismissTransitionDelegate.m */ = {isa = PBXFileReference; fileEncoding = 4; lastKnownFileType = sourcecode.c.objc; path = SPInteractiveDismissTransitionDelegate.m; sourceTree = "<group>"; };
		4088EC8119C308D2002EC4C3 /* SPInteractiveDismissViewController.h */ = {isa = PBXFileReference; fileEncoding = 4; lastKnownFileType = sourcecode.c.h; path = SPInteractiveDismissViewController.h; sourceTree = "<group>"; };
		4088EC8219C308D2002EC4C3 /* SPInteractiveDismissViewController.m */ = {isa = PBXFileReference; fileEncoding = 4; lastKnownFileType = sourcecode.c.objc; path = SPInteractiveDismissViewController.m; sourceTree = "<group>"; };
		4088EC8419C30FE4002EC4C3 /* SPDismissableViewController.h */ = {isa = PBXFileReference; fileEncoding = 4; lastKnownFileType = sourcecode.c.h; name = SPDismissableViewController.h; path = ../../SPInteractivePopNavigationController/SPDismissableViewController.h; sourceTree = "<group>"; };
		4088EC8519C30FE4002EC4C3 /* SPDismissableViewController.m */ = {isa = PBXFileReference; fileEncoding = 4; lastKnownFileType = sourcecode.c.objc; name = SPDismissableViewController.m; path = ../../SPInteractivePopNavigationController/SPDismissableViewController.m; sourceTree = "<group>"; };
		4088EC8619C30FE4002EC4C3 /* SPDismissableViewController.xib */ = {isa = PBXFileReference; fileEncoding = 4; lastKnownFileType = file.xib; name = SPDismissableViewController.xib; path = ../../SPInteractivePopNavigationController/SPDismissableViewController.xib; sourceTree = "<group>"; };
		4088EC8C19C3122D002EC4C3 /* SPInteractiveDismissNavigationController.h */ = {isa = PBXFileReference; fileEncoding = 4; lastKnownFileType = sourcecode.c.h; path = SPInteractiveDismissNavigationController.h; sourceTree = "<group>"; };
		4088EC8D19C3122D002EC4C3 /* SPInteractiveDismissNavigationController.m */ = {isa = PBXFileReference; fileEncoding = 4; lastKnownFileType = sourcecode.c.objc; path = SPInteractiveDismissNavigationController.m; sourceTree = "<group>"; };
/* End PBXFileReference section */

/* Begin PBXFrameworksBuildPhase section */
		4031F1E318FC9D40006D7BB5 /* Frameworks */ = {
			isa = PBXFrameworksBuildPhase;
			buildActionMask = 2147483647;
			files = (
				4031F1EC18FC9D40006D7BB5 /* CoreGraphics.framework in Frameworks */,
				4031F1EE18FC9D40006D7BB5 /* UIKit.framework in Frameworks */,
				4031F1EA18FC9D40006D7BB5 /* Foundation.framework in Frameworks */,
			);
			runOnlyForDeploymentPostprocessing = 0;
		};
/* End PBXFrameworksBuildPhase section */

/* Begin PBXGroup section */
		4031F1DD18FC9D40006D7BB5 = {
			isa = PBXGroup;
			children = (
				4031F1EF18FC9D40006D7BB5 /* SPInteractivePopNavigationControllerExample */,
				4031F22318FC9EE8006D7BB5 /* SPInteractivePopNavigationController */,
				4031F1E818FC9D40006D7BB5 /* Frameworks */,
				4031F1E718FC9D40006D7BB5 /* Products */,
			);
			sourceTree = "<group>";
		};
		4031F1E718FC9D40006D7BB5 /* Products */ = {
			isa = PBXGroup;
			children = (
				4031F1E618FC9D40006D7BB5 /* SPInteractivePopNavigationControllerExample.app */,
			);
			name = Products;
			sourceTree = "<group>";
		};
		4031F1E818FC9D40006D7BB5 /* Frameworks */ = {
			isa = PBXGroup;
			children = (
				4031F1E918FC9D40006D7BB5 /* Foundation.framework */,
				4031F1EB18FC9D40006D7BB5 /* CoreGraphics.framework */,
				4031F1ED18FC9D40006D7BB5 /* UIKit.framework */,
				4031F20818FC9D40006D7BB5 /* XCTest.framework */,
			);
			name = Frameworks;
			sourceTree = "<group>";
		};
		4031F1EF18FC9D40006D7BB5 /* SPInteractivePopNavigationControllerExample */ = {
			isa = PBXGroup;
			children = (
				4031F1F818FC9D40006D7BB5 /* SPAppDelegate.h */,
				4031F1F918FC9D40006D7BB5 /* SPAppDelegate.m */,
				4031F20118FC9D40006D7BB5 /* Images.xcassets */,
				4031F1F018FC9D40006D7BB5 /* Supporting Files */,
				4031F21E18FC9E9D006D7BB5 /* SPViewController.h */,
				4031F21F18FC9E9D006D7BB5 /* SPViewController.m */,
				4031F22018FC9E9D006D7BB5 /* SPViewController.xib */,
				4072A63518FDF58000CFAD75 /* UIColor+SPRandomColor.h */,
				4072A63618FDF58000CFAD75 /* UIColor+SPRandomColor.m */,
				4088EC8419C30FE4002EC4C3 /* SPDismissableViewController.h */,
				4088EC8519C30FE4002EC4C3 /* SPDismissableViewController.m */,
				4088EC8619C30FE4002EC4C3 /* SPDismissableViewController.xib */,
			);
			path = SPInteractivePopNavigationControllerExample;
			sourceTree = "<group>";
		};
		4031F1F018FC9D40006D7BB5 /* Supporting Files */ = {
			isa = PBXGroup;
			children = (
				4031F1F118FC9D40006D7BB5 /* SPInteractivePopNavigationControllerExample-Info.plist */,
				4031F1F218FC9D40006D7BB5 /* InfoPlist.strings */,
				4031F1F518FC9D40006D7BB5 /* main.m */,
				4031F1F718FC9D40006D7BB5 /* SPInteractivePopNavigationControllerExample-Prefix.pch */,
			);
			name = "Supporting Files";
			sourceTree = "<group>";
		};
		4031F22318FC9EE8006D7BB5 /* SPInteractivePopNavigationController */ = {
			isa = PBXGroup;
			children = (
				4088EC7819C304A7002EC4C3 /* SPVerticalSwipeInteractionController.h */,
				4088EC7919C304A7002EC4C3 /* SPVerticalSwipeInteractionController.m */,
				4031F22418FC9EE8006D7BB5 /* SPHorizontalSwipeInteractionController.h */,
				4031F22518FC9EE8006D7BB5 /* SPHorizontalSwipeInteractionController.m */,
				4031F22618FC9EE8006D7BB5 /* SPPopAnimationController.h */,
				4031F22718FC9EE8006D7BB5 /* SPPopAnimationController.m */,
				4072A62F18FDEF4F00CFAD75 /* SPInteractivePopNavigationController.h */,
				4072A63018FDEF4F00CFAD75 /* SPInteractivePopNavigationController.m */,
				4088EC7B19C30552002EC4C3 /* SPModalAnimationController.h */,
				4088EC7C19C30552002EC4C3 /* SPModalAnimationController.m */,
				4088EC7E19C306DF002EC4C3 /* SPInteractiveDismissTransitionDelegate.h */,
				4088EC7F19C306DF002EC4C3 /* SPInteractiveDismissTransitionDelegate.m */,
				4088EC8119C308D2002EC4C3 /* SPInteractiveDismissViewController.h */,
				4088EC8219C308D2002EC4C3 /* SPInteractiveDismissViewController.m */,
				4088EC8C19C3122D002EC4C3 /* SPInteractiveDismissNavigationController.h */,
				4088EC8D19C3122D002EC4C3 /* SPInteractiveDismissNavigationController.m */,
			);
			name = SPInteractivePopNavigationController;
			path = ../SPInteractivePopNavigationController;
			sourceTree = "<group>";
		};
/* End PBXGroup section */

/* Begin PBXNativeTarget section */
		4031F1E518FC9D40006D7BB5 /* SPInteractivePopNavigationControllerExample */ = {
			isa = PBXNativeTarget;
			buildConfigurationList = 4031F21818FC9D40006D7BB5 /* Build configuration list for PBXNativeTarget "SPInteractivePopNavigationControllerExample" */;
			buildPhases = (
				4031F1E218FC9D40006D7BB5 /* Sources */,
				4031F1E318FC9D40006D7BB5 /* Frameworks */,
				4031F1E418FC9D40006D7BB5 /* Resources */,
			);
			buildRules = (
			);
			dependencies = (
			);
			name = SPInteractivePopNavigationControllerExample;
			productName = SPInteractivePopNavigationControllerExample;
			productReference = 4031F1E618FC9D40006D7BB5 /* SPInteractivePopNavigationControllerExample.app */;
			productType = "com.apple.product-type.application";
		};
/* End PBXNativeTarget section */

/* Begin PBXProject section */
		4031F1DE18FC9D40006D7BB5 /* Project object */ = {
			isa = PBXProject;
			attributes = {
				CLASSPREFIX = SP;
				LastUpgradeCheck = 0510;
				ORGANIZATIONNAME = "Sergio Padrino";
			};
			buildConfigurationList = 4031F1E118FC9D40006D7BB5 /* Build configuration list for PBXProject "SPInteractivePopNavigationControllerExample" */;
			compatibilityVersion = "Xcode 3.2";
			developmentRegion = English;
			hasScannedForEncodings = 0;
			knownRegions = (
				en,
				Base,
			);
			mainGroup = 4031F1DD18FC9D40006D7BB5;
			productRefGroup = 4031F1E718FC9D40006D7BB5 /* Products */;
			projectDirPath = "";
			projectRoot = "";
			targets = (
				4031F1E518FC9D40006D7BB5 /* SPInteractivePopNavigationControllerExample */,
			);
		};
/* End PBXProject section */

/* Begin PBXResourcesBuildPhase section */
		4031F1E418FC9D40006D7BB5 /* Resources */ = {
			isa = PBXResourcesBuildPhase;
			buildActionMask = 2147483647;
			files = (
				4031F20218FC9D40006D7BB5 /* Images.xcassets in Resources */,
				4031F22218FC9E9D006D7BB5 /* SPViewController.xib in Resources */,
				4088EC8819C30FE4002EC4C3 /* SPDismissableViewController.xib in Resources */,
				4031F1F418FC9D40006D7BB5 /* InfoPlist.strings in Resources */,
			);
			runOnlyForDeploymentPostprocessing = 0;
		};
/* End PBXResourcesBuildPhase section */

/* Begin PBXSourcesBuildPhase section */
		4031F1E218FC9D40006D7BB5 /* Sources */ = {
			isa = PBXSourcesBuildPhase;
			buildActionMask = 2147483647;
			files = (
				4088EC8319C308D2002EC4C3 /* SPInteractiveDismissViewController.m in Sources */,
				4031F1F618FC9D40006D7BB5 /* main.m in Sources */,
				4088EC8719C30FE4002EC4C3 /* SPDismissableViewController.m in Sources */,
				4031F22918FC9EE8006D7BB5 /* SPPopAnimationController.m in Sources */,
				4088EC8019C306DF002EC4C3 /* SPInteractiveDismissTransitionDelegate.m in Sources */,
				4088EC7A19C304A7002EC4C3 /* SPVerticalSwipeInteractionController.m in Sources */,
				4031F22818FC9EE8006D7BB5 /* SPHorizontalSwipeInteractionController.m in Sources */,
				4031F22118FC9E9D006D7BB5 /* SPViewController.m in Sources */,
				4088EC7D19C30552002EC4C3 /* SPModalAnimationController.m in Sources */,
				4072A63118FDEF4F00CFAD75 /* SPInteractivePopNavigationController.m in Sources */,
				4031F1FA18FC9D40006D7BB5 /* SPAppDelegate.m in Sources */,
				4072A63718FDF58000CFAD75 /* UIColor+SPRandomColor.m in Sources */,
				4088EC8E19C3122D002EC4C3 /* SPInteractiveDismissNavigationController.m in Sources */,
			);
			runOnlyForDeploymentPostprocessing = 0;
		};
/* End PBXSourcesBuildPhase section */

/* Begin PBXVariantGroup section */
		4031F1F218FC9D40006D7BB5 /* InfoPlist.strings */ = {
			isa = PBXVariantGroup;
			children = (
				4031F1F318FC9D40006D7BB5 /* en */,
			);
			name = InfoPlist.strings;
			sourceTree = "<group>";
		};
/* End PBXVariantGroup section */

/* Begin XCBuildConfiguration section */
		4031F21618FC9D40006D7BB5 /* Debug */ = {
			isa = XCBuildConfiguration;
			buildSettings = {
				ALWAYS_SEARCH_USER_PATHS = NO;
				CLANG_CXX_LANGUAGE_STANDARD = "gnu++0x";
				CLANG_CXX_LIBRARY = "libc++";
				CLANG_ENABLE_MODULES = YES;
				CLANG_ENABLE_OBJC_ARC = YES;
				CLANG_WARN_BOOL_CONVERSION = YES;
				CLANG_WARN_CONSTANT_CONVERSION = YES;
				CLANG_WARN_DIRECT_OBJC_ISA_USAGE = YES_ERROR;
				CLANG_WARN_EMPTY_BODY = YES;
				CLANG_WARN_ENUM_CONVERSION = YES;
				CLANG_WARN_INT_CONVERSION = YES;
				CLANG_WARN_OBJC_ROOT_CLASS = YES_ERROR;
				CLANG_WARN__DUPLICATE_METHOD_MATCH = YES;
				"CODE_SIGN_IDENTITY[sdk=iphoneos*]" = "iPhone Developer";
				COPY_PHASE_STRIP = NO;
				GCC_C_LANGUAGE_STANDARD = gnu99;
				GCC_DYNAMIC_NO_PIC = NO;
				GCC_OPTIMIZATION_LEVEL = 0;
				GCC_PREPROCESSOR_DEFINITIONS = (
					"DEBUG=1",
					"$(inherited)",
				);
				GCC_SYMBOLS_PRIVATE_EXTERN = NO;
				GCC_WARN_64_TO_32_BIT_CONVERSION = YES;
				GCC_WARN_ABOUT_RETURN_TYPE = YES_ERROR;
				GCC_WARN_UNDECLARED_SELECTOR = YES;
				GCC_WARN_UNINITIALIZED_AUTOS = YES_AGGRESSIVE;
				GCC_WARN_UNUSED_FUNCTION = YES;
				GCC_WARN_UNUSED_VARIABLE = YES;
				IPHONEOS_DEPLOYMENT_TARGET = 7.1;
				ONLY_ACTIVE_ARCH = YES;
				SDKROOT = iphoneos;
			};
			name = Debug;
		};
		4031F21718FC9D40006D7BB5 /* Release */ = {
			isa = XCBuildConfiguration;
			buildSettings = {
				ALWAYS_SEARCH_USER_PATHS = NO;
				CLANG_CXX_LANGUAGE_STANDARD = "gnu++0x";
				CLANG_CXX_LIBRARY = "libc++";
				CLANG_ENABLE_MODULES = YES;
				CLANG_ENABLE_OBJC_ARC = YES;
				CLANG_WARN_BOOL_CONVERSION = YES;
				CLANG_WARN_CONSTANT_CONVERSION = YES;
				CLANG_WARN_DIRECT_OBJC_ISA_USAGE = YES_ERROR;
				CLANG_WARN_EMPTY_BODY = YES;
				CLANG_WARN_ENUM_CONVERSION = YES;
				CLANG_WARN_INT_CONVERSION = YES;
				CLANG_WARN_OBJC_ROOT_CLASS = YES_ERROR;
				CLANG_WARN__DUPLICATE_METHOD_MATCH = YES;
				"CODE_SIGN_IDENTITY[sdk=iphoneos*]" = "iPhone Developer";
				COPY_PHASE_STRIP = YES;
				ENABLE_NS_ASSERTIONS = NO;
				GCC_C_LANGUAGE_STANDARD = gnu99;
				GCC_WARN_64_TO_32_BIT_CONVERSION = YES;
				GCC_WARN_ABOUT_RETURN_TYPE = YES_ERROR;
				GCC_WARN_UNDECLARED_SELECTOR = YES;
				GCC_WARN_UNINITIALIZED_AUTOS = YES_AGGRESSIVE;
				GCC_WARN_UNUSED_FUNCTION = YES;
				GCC_WARN_UNUSED_VARIABLE = YES;
				IPHONEOS_DEPLOYMENT_TARGET = 7.1;
				SDKROOT = iphoneos;
				VALIDATE_PRODUCT = YES;
			};
			name = Release;
		};
		4031F21918FC9D40006D7BB5 /* Debug */ = {
			isa = XCBuildConfiguration;
			buildSettings = {
				ASSETCATALOG_COMPILER_APPICON_NAME = AppIcon;
				ASSETCATALOG_COMPILER_LAUNCHIMAGE_NAME = LaunchImage;
				GCC_PRECOMPILE_PREFIX_HEADER = YES;
				GCC_PREFIX_HEADER = "SPInteractivePopNavigationControllerExample/SPInteractivePopNavigationControllerExample-Prefix.pch";
				INFOPLIST_FILE = "SPInteractivePopNavigationControllerExample/SPInteractivePopNavigationControllerExample-Info.plist";
				IPHONEOS_DEPLOYMENT_TARGET = 7.0;
				PRODUCT_NAME = SPInteractivePopNavigationControllerExample;
				WRAPPER_EXTENSION = app;
			};
			name = Debug;
		};
		4031F21A18FC9D40006D7BB5 /* Release */ = {
			isa = XCBuildConfiguration;
			buildSettings = {
				ASSETCATALOG_COMPILER_APPICON_NAME = AppIcon;
				ASSETCATALOG_COMPILER_LAUNCHIMAGE_NAME = LaunchImage;
				GCC_PRECOMPILE_PREFIX_HEADER = YES;
				GCC_PREFIX_HEADER = "SPInteractivePopNavigationControllerExample/SPInteractivePopNavigationControllerExample-Prefix.pch";
				INFOPLIST_FILE = "SPInteractivePopNavigationControllerExample/SPInteractivePopNavigationControllerExample-Info.plist";
				IPHONEOS_DEPLOYMENT_TARGET = 7.0;
				PRODUCT_NAME = SPInteractivePopNavigationControllerExample;
				WRAPPER_EXTENSION = app;
			};
			name = Release;
		};
/* End XCBuildConfiguration section */

/* Begin XCConfigurationList section */
		4031F1E118FC9D40006D7BB5 /* Build configuration list for PBXProject "SPInteractivePopNavigationControllerExample" */ = {
			isa = XCConfigurationList;
			buildConfigurations = (
				4031F21618FC9D40006D7BB5 /* Debug */,
				4031F21718FC9D40006D7BB5 /* Release */,
			);
			defaultConfigurationIsVisible = 0;
			defaultConfigurationName = Release;
		};
		4031F21818FC9D40006D7BB5 /* Build configuration list for PBXNativeTarget "SPInteractivePopNavigationControllerExample" */ = {
			isa = XCConfigurationList;
			buildConfigurations = (
				4031F21918FC9D40006D7BB5 /* Debug */,
				4031F21A18FC9D40006D7BB5 /* Release */,
			);
			defaultConfigurationIsVisible = 0;
			defaultConfigurationName = Release;
		};
/* End XCConfigurationList section */
	};
	rootObject = 4031F1DE18FC9D40006D7BB5 /* Project object */;
}
